
Microsoft Visual Studio Solution File, Format Version 12.00
# Visual Studio 15
VisualStudioVersion = 15.0.27703.2042
MinimumVisualStudioVersion = 10.0.40219.1
Project("{9A19103F-16F7-4668-BE54-9A1E7A4F7556}") = "ContentModerator", "ContentModerator\ContentModerator.csproj", "{719EB484-B6EF-4AA6-87ED-B462B687BBA8}"
EndProject
Project("{FAE04EC0-301F-11D3-BF4B-00C04F79EFBC}") = "ContentModeratorImages", "ContentModeratorImages\ContentModeratorImages.csproj", "{94F22335-F749-443F-9982-8245071BDA77}"
EndProject
Global
	GlobalSection(SolutionConfigurationPlatforms) = preSolution
		Debug|Any CPU = Debug|Any CPU
		Release|Any CPU = Release|Any CPU
	EndGlobalSection
	GlobalSection(ProjectConfigurationPlatforms) = postSolution
		{719EB484-B6EF-4AA6-87ED-B462B687BBA8}.Debug|Any CPU.ActiveCfg = Debug|Any CPU
		{719EB484-B6EF-4AA6-87ED-B462B687BBA8}.Debug|Any CPU.Build.0 = Debug|Any CPU
		{719EB484-B6EF-4AA6-87ED-B462B687BBA8}.Release|Any CPU.ActiveCfg = Release|Any CPU
		{719EB484-B6EF-4AA6-87ED-B462B687BBA8}.Release|Any CPU.Build.0 = Release|Any CPU
		{94F22335-F749-443F-9982-8245071BDA77}.Debug|Any CPU.ActiveCfg = Debug|Any CPU
		{94F22335-F749-443F-9982-8245071BDA77}.Debug|Any CPU.Build.0 = Debug|Any CPU
		{94F22335-F749-443F-9982-8245071BDA77}.Release|Any CPU.ActiveCfg = Release|Any CPU
		{94F22335-F749-443F-9982-8245071BDA77}.Release|Any CPU.Build.0 = Release|Any CPU
	EndGlobalSection
	GlobalSection(SolutionProperties) = preSolution
		HideSolutionNode = FALSE
	EndGlobalSection
	GlobalSection(ExtensibilityGlobals) = postSolution
		SolutionGuid = {4B65E56A-2C6C-40FC-AE4E-E1A2B2CAEEC3}
	EndGlobalSection
EndGlobal
